
Microsoft Visual Studio Solution File, Format Version 12.00
# Visual Studio Version 16
VisualStudioVersion = 16.0.29728.190
MinimumVisualStudioVersion = 10.0.40219.1
Project("{FAE04EC0-301F-11D3-BF4B-00C04F79EFBC}") = "Instrukcje warunkowe if, if else, else oraz switch", "ConsoleApplication2\Instrukcje warunkowe if, if else, else oraz switch.csproj", "{6BB22C78-E196-4EBA-92F7-B94E92E07E67}"
EndProject
Project("{FAE04EC0-301F-11D3-BF4B-00C04F79EFBC}") = "1. Program - drzewko", "1. Program - drzewko\1. Program - drzewko.csproj", "{371F6382-EC31-4FF8-94A1-244FA6F8372F}"
EndProject
Project("{FAE04EC0-301F-11D3-BF4B-00C04F79EFBC}") = "2. Program - ćwiczenia", "2. Program - ćwiczenia\2. Program - ćwiczenia.csproj", "{56B32DDA-9BAF-458B-906D-009CD96134BF}"
EndProject
Project("{FAE04EC0-301F-11D3-BF4B-00C04F79EFBC}") = "3. Program - ćwiczenia (tablice)", "3. Program - ćwiczenia (tablice)\3. Program - ćwiczenia (tablice).csproj", "{2FBB9366-1F73-45F3-A883-3790A35F82E1}"
EndProject
Project("{FAE04EC0-301F-11D3-BF4B-00C04F79EFBC}") = "4. Operacje logiczne", "4. Operacje logiczne\4. Operacje logiczne.csproj", "{B9688062-FAD1-4A58-BE6A-EE0242433581}"
EndProject
Project("{FAE04EC0-301F-11D3-BF4B-00C04F79EFBC}") = "5. Operacje logiczne 2", "5. Operacje logiczne 2\5. Operacje logiczne 2.csproj", "{40913E39-2977-4E8D-9EA7-FDB971348C2E}"
EndProject
Global
	GlobalSection(SolutionConfigurationPlatforms) = preSolution
		Debug|Any CPU = Debug|Any CPU
		Release|Any CPU = Release|Any CPU
	EndGlobalSection
	GlobalSection(ProjectConfigurationPlatforms) = postSolution
		{6BB22C78-E196-4EBA-92F7-B94E92E07E67}.Debug|Any CPU.ActiveCfg = Debug|Any CPU
		{6BB22C78-E196-4EBA-92F7-B94E92E07E67}.Debug|Any CPU.Build.0 = Debug|Any CPU
		{6BB22C78-E196-4EBA-92F7-B94E92E07E67}.Release|Any CPU.ActiveCfg = Release|Any CPU
		{6BB22C78-E196-4EBA-92F7-B94E92E07E67}.Release|Any CPU.Build.0 = Release|Any CPU
		{371F6382-EC31-4FF8-94A1-244FA6F8372F}.Debug|Any CPU.ActiveCfg = Debug|Any CPU
		{371F6382-EC31-4FF8-94A1-244FA6F8372F}.Debug|Any CPU.Build.0 = Debug|Any CPU
		{371F6382-EC31-4FF8-94A1-244FA6F8372F}.Release|Any CPU.ActiveCfg = Release|Any CPU
		{371F6382-EC31-4FF8-94A1-244FA6F8372F}.Release|Any CPU.Build.0 = Release|Any CPU
		{56B32DDA-9BAF-458B-906D-009CD96134BF}.Debug|Any CPU.ActiveCfg = Debug|Any CPU
		{56B32DDA-9BAF-458B-906D-009CD96134BF}.Debug|Any CPU.Build.0 = Debug|Any CPU
		{56B32DDA-9BAF-458B-906D-009CD96134BF}.Release|Any CPU.ActiveCfg = Release|Any CPU
		{56B32DDA-9BAF-458B-906D-009CD96134BF}.Release|Any CPU.Build.0 = Release|Any CPU
		{2FBB9366-1F73-45F3-A883-3790A35F82E1}.Debug|Any CPU.ActiveCfg = Debug|Any CPU
		{2FBB9366-1F73-45F3-A883-3790A35F82E1}.Debug|Any CPU.Build.0 = Debug|Any CPU
		{2FBB9366-1F73-45F3-A883-3790A35F82E1}.Release|Any CPU.ActiveCfg = Release|Any CPU
		{2FBB9366-1F73-45F3-A883-3790A35F82E1}.Release|Any CPU.Build.0 = Release|Any CPU
		{B9688062-FAD1-4A58-BE6A-EE0242433581}.Debug|Any CPU.ActiveCfg = Debug|Any CPU
		{B9688062-FAD1-4A58-BE6A-EE0242433581}.Debug|Any CPU.Build.0 = Debug|Any CPU
		{B9688062-FAD1-4A58-BE6A-EE0242433581}.Release|Any CPU.ActiveCfg = Release|Any CPU
		{B9688062-FAD1-4A58-BE6A-EE0242433581}.Release|Any CPU.Build.0 = Release|Any CPU
		{40913E39-2977-4E8D-9EA7-FDB971348C2E}.Debug|Any CPU.ActiveCfg = Debug|Any CPU
		{40913E39-2977-4E8D-9EA7-FDB971348C2E}.Debug|Any CPU.Build.0 = Debug|Any CPU
		{40913E39-2977-4E8D-9EA7-FDB971348C2E}.Release|Any CPU.ActiveCfg = Release|Any CPU
		{40913E39-2977-4E8D-9EA7-FDB971348C2E}.Release|Any CPU.Build.0 = Release|Any CPU
	EndGlobalSection
	GlobalSection(SolutionProperties) = preSolution
		HideSolutionNode = FALSE
	EndGlobalSection
	GlobalSection(ExtensibilityGlobals) = postSolution
		SolutionGuid = {B884752A-141C-4C1D-8D63-EAFBE637AC51}
	EndGlobalSection
EndGlobal
